{
  "dependencies": {
    "@slack/web-api": "latest"
  }
}
//bun.lockb
IyEvdXNyL2Jpbi9lbnYgYnVuCmJ1bi1sb2NrZmlsZS1mb3JtYXQtdjAKAgAAAGP1/NKtrtR1bfbL050GN99rN5cv3K5a99lemvdYdMxvxyQAAAAAAAAZAAAAAAAAAAgAAAAAAAAACAAAAAAAAACAAAAAAAAAADUZAAAAAAAAAAAAAAAAAAAAAAAAAAAOAACAcmV0cnkAAABwLXJldHJ5AG8AAAAMAACAcC1xdWV1ZQB+AQAACQAAgMEBAAAJAACAewAAAA0AAICcAAAACQAAgJEAAAALAACAiAAAAAkAAIAHAwAACgAAgG1pbWUtZGIA+AIAAA8AAIDLAwAADgAAgGFzeW5ja2l0ewAAAA0AAIBheGlvcwAAANkEAAAOAACAyQQAABAAAIBkAAAACwAAgK0FAAAMAACAWAAAAAwAAIBLAAAADQAAgAAAAAAAAAAAamgcpj7p2E4B0GjgshevgzVKPZ04xVG3WVOhfPxhimh7g99pK5GV1ajf8+fxuPAx4PUkvxl7zGenie1lJmEoR9ZORqfrj+E0a7k1iMNyT56PmUdo8huqLy8Bk5dey2H0w8Wk8f3GpW5PdyqfNdGv/hR4fhskoOCczq1lMqMtvoqnie1lJmEoRziw/ZDHyZn3jroN55qjoBEbIgOfUaA05ZEvWo0mtT05CW88xupRmrs6SZlL8bsgGeBd3nMABx34AQAAAAAAAAAAAAAAAAAAAAAAAAAAAAAAAAAAAAAAAAAAAAAAAAAAAAAAAAAAAAAAAAAAAAAAAAAAAAAAAAAAAAIAAAAAAAAADgAAAD0AAIAHAAAACAAAAAAAAAAAAAAAAAAAAAAAAAAAAAAAAAAAAAAAAAAAAAAAAAAAAAAAAAACAAAAAAAAAKUAAAAzAACAAAAAAA0AAAABAAAAAAAAAAAAAAAAAAAAAAAAAAAAAAAAAAAAAAAAAAAAAAAAAAAAAgAAAAAAAADYAAAANgAAgAQAAAAGAAAAAgAAAAAAAAAAAAAAAAAAAAAAAAAAAAAAAAAAAAAAAAAAAAAAAAAAAAIAAAAAAAAADgEAADoAAIAAAAAADAAAAAAAAAAAAAAAAAAAAAAAAAAAAAAAAAAAAAAAAAAAAAAAAAAAAAAAAAACAAAAAAAAAEgBAAA2AACABgAAAAYAAAACAAAAAAAAAAAAAAAAAAAAAAAAAAAAAAAAAAAAAAAAAAAAAAAAAAAAAgAAAAAAAACHAQAAOgAAgAMAAAACAAAAAAAAAAAAAAAAAAAAAAAAAAAAAAAAAAAAAAAAAAAAAAAAAAAAAAAAAAIAAAAAAAAAygEAADoAAIABAAAAAAAAAAAAAAAAAAAAAAAAAAAAAAAAAAAAAAAAAAAAAAAAAAAAAAAAAAAAAAACAAAAAAAAAAQCAABCAACABAAAAAAAAAAHAAAAAAAAAAAAAAAAAAAAAAAAAAAAAAAAAAAAAAAAAAAAAAAAAAAAAgAAAAAAAABGAgAAOgAAgAIAAAAAAAAAAQAAAAAAAAAAAAAAAAAAAAAAAAAAAAAAAAAAAAAAAAAAAAAAAAAAAAIAAAAAAAAAgAIAAD4AAIACAAAAAgAAAAIAAAAAAAAAAAAAAAAAAAAAAAAAAAAAAAAAAAAAAAAAAAAAAAAAAAACAAAAAAAAAL4CAAA6AACABAAAAAAAAAABAAAAAAAAAAAAAAAAAAAAAAAAAAAAAAAAAAAAAAAAAAAAAAAAAAAAAgAAAAAAAAARAwAAPQAAgAIAAAABAAAAIwAAAAAAAAAAAAAAAAAAAAAAAAAAAAAAAAAAAAAAAAAAAAAAAAAAAAIAAAAAAAAATgMAADcAAIABAAAANAAAAAAAAAAAAAAAAAAAAAAAAAAAAAAAAAAAAAAAAAAAAAAAAAAAAAAAAAACAAAAAAAAAIUDAABGAACAAQAAAAAAAAAIAAAAAAAAAAAAAAAAAAAAAAAAAAAAAAAAAAAAAAAAAAAAAAAAAAAAAgAAAAAAAADZAwAARAAAgAEAAAAAAAAAAAAAAAAAAAAAAAAAAAAAAAAAAAAAAAAAAAAAAAAAAAAAAAAAAAAAAAIAAAAAAAAAHQQAADgAAIAAAAAABAAAAAAAAAAAAAAAAAAAAAAAAAAAAAAAAAAAAAAAAAAAAAAAAAAAAAAAAAACAAAAAAAAAFUEAABCAACABQAAAAAAAAABAAAAAAAAAAAAAAAAAAAAAAAAAAAAAAAAAAAAAAAAAAAAAAAAAAAAAgAAAAAAAACXBAAAMgAAgAEAAAAHAAAACQAAAAAAAAAAAAAAAAAAAAAAAAAAAAAAAAAAAAAAAAAAAAAAAAAAAAIAAAAAAAAA5wQAAEQAAIABAAAAAQAAAAAAAAAAAAAAAAAAAAAAAAAAAAAAAAAAAAAAAAAAAAAAAAAAAAAAAAACAAAAAAAAACsFAABJAACAAQAAAA8AAAAJAAAAAAAAAAAAAAAAAAAAAAAAAAAAAAAAAAAAAAAAAAAAAAAAAAAAAgAAAAAAAAB0BQAAOQAAgBYAAAAKAAAAAgAAAAAAAAAAAAAAAAAAAAAAAAAAAAAAAAAAAAAAAAAAAAAAAAAAAAIAAAAAAAAAuQUAAEEAAIAGAAAAFAAAAAAAAAAAAAAAAAAAAAAAAAAAAAAAAAAAAAAAAAAAAAAAAAAAAAAAAAACAAAAAAAAAPoFAAA6AACAAgAAAA4AAAAAAAAAAAAAAAAAAAAAAAAAAAAAAAAAAAAAAAAAAAAAAAAAAAAAAAAAAgAAAAAAAAA0BgAAOwAAgAQAAAAAAAAAAAAAAAAAAAAAAAAAAAAAAAAAAAAAAAAAAAAAAAAAAAAAAAAAAAAAAAAAAAABAAAAAQAAAAwAAAANAAAAAAAAAA0AAAACAAAADwAAAAAAAAAPAAAAAgAAABEAAAABAAAAEgAAAAAAAAASAAAAAAAAABIAAAAAAAAAEgAAAAAAAAASAAAAAwAAABUAAAABAAAAFgAAAAAAAAAWAAAAAQAAABcAAAAAAAAAFwAAAAAAAAAXAAAAAAAAABcAAAADAAAAGgAAAAAAAAAaAAAAAAAAABoAAAABAAAAGwAAAAAAAAAbAAAAAAAAABsAAAABAAAAAAAAAAEAAAABAAAADAAAAA0AAAAAAAAADQAAAAIAAAAPAAAAAAAAAA8AAAACAAAAEQAAAAEAAAASAAAAAAAAABIAAAAAAAAAEgAAAAAAAAASAAAAAAAAABIAAAADAAAAFQAAAAEAAAAWAAAAAAAAABYAAAABAAAAFwAAAAAAAAAXAAAAAAAAABcAAAAAAAAAFwAAAAMAAAAaAAAAAAAAABoAAAAAAAAAGgAAAAEAAAAbAAAAAAAAABsAAAAAAAAAGwAAAAEAAAAAAP4P/gEAAAAAAAAAAAAAAAAAAAAAAAAAAAAAAAAAAAAAAAAAAAAAAAAAAAAAAAAAAAAAAAAAAAAAAAAAAAAAAAAAAAAAAAAAAAAAAAAAAAAAAAAAAQAAAQD+D/4BAAABAAAAAAAAAAAAAAAEd4SdG+6UmGdzWw38a4sN3lF/nTEzsDxhzU13wm10ejOpPehtmRoqBKnPztQUfFiWbNvSb4czkWYJD4kt+5+FuwEAAAEA/g/+AQAAAgAAAAAAAAAAAAAABF0AUNyPFtQoHtEnofuoI49Ny25kRVrqLM4CvaKAqcGCK4YaDvNKX6uHFJFOQ5JJ8HznxbXkcJWeej2DhmMhVnYBAAABAP4P/gEAAAMAAAAAAAAAAAAAAATfXYh3f3oRsl29E42WeBTHQ3J1+shDmWxi7TOcpVTNW8CvMQi3TxXWqG3IRJsZV3UUZftQq2IWnm7Apl0zzAi5AQAAAQD+D/4BAAAEAAAAAAAAAAAAAAAEwWKOClTTiizcZhXnPY4wikVAwmdYHp8q6DmC+EJUzAMsycb7HB32Kh9RN4+0gExjmPmZSAQjgURXIGATPegAvAEAAAEA/g/+AQAABQAAAAAAAAAAAAAABEcBaW+9nPwYUCxFyGeStnvgIYDVZiHoxpU4IgfTM2dHvdxkb6me7kotHb0Re/1yFw3jZK2tnzRwcU8jwxskqY0BAAABAP4P/gEAAAYAAAAAAAAAAAAAAASuEjBTJyDDApw/3JM44Ur8AqwCimOMJqRWosd487cILoyKvVn33FP5HreNnEBPmUVktraKdLmH5lLYa9H338UGAQAAAQD+D/4BAAAHAAAAAAAAAAAAAAAELICb2p9CB7FS+0eR1oqWnHhp0FljGLZCWBE9aix0Uye9W8LTQPwMTYVGWQWIw9RdQiDg4+epXQODwIYJtSJaowEAAAEA/g/+AQAACAAAAAAAAAAAAAAABPILhwWQsCpxYWHR69srLkVhK08IaDdl/FxC0Za0cKZn3mNo47lDeLWkDLFCylFaNSuA72ZftKYH8qMrB8b5rxMBAAABAP4P/gEAAAkAAAAAAAAAAAAAAASEWiImJOXreef6Sy0cYG17BZIqdAunJvXnkoeF4DWXf26+072dYiinWne52o9xR3/FsXVUsw7ifs4jqntFueAOAQAAAQD+D/4BAAAKAAAAAAAAAAAAAAAEFO/Rhvz5tuw4MCWkpMzHFKWD2LsfHzIb7i6MdPYZ/KW7AlxawyLkqdy+jPZP1WubqEADE3O4FUENlJHDfQASRgEAAAEA/g/+AQAACwAAAAAAAAAAAAAABLczfHuE1/PpJMRjyvA+btBTZoz1I8N5cAvZUi8caAf/hrbCRvdQjvG0lsu9wD5YAGc2W1xGGSbsY5Bx9sPhM4cBAAABAP4P/gEAAAwAAAAAAAAAAAAAAARkNj5s+bnNNMX5ikKsBT2crRSAgJg9PRC1PU1lYW/iz75M2RyBVpPSDr7hHa4jgyNCPPKwcHXPG5YvnSHNp5eLAQAAAQD+D/4BAAANAAAAAAAAAAAAAAAEsPU4uV7dYlvtWJxwwxHD0PuihVNiE7TyAbQ5SWxDCB9mUYvOgroQOwYQQOKPJ8CIbE+1ETVlOoK1UC2nU3gYvgEAAAEA/g/+AQAADgAAAAAAAAAAAAAABBUDeDEX7iXh3+3AWwTCRV4Skg6vtpAAKwZZkQb3LxROQQdR2Sl7UhQEg4XZc/czmMMYfJQ3Z75jDnv/uXHaBHYBAAABAP4P/gEAAA8AAAAAAAAAAAAAAARnJIPs1/3VosHRHEvgoasocFeXsR2zUMCYR1yhVrBecsPtIOGk2C24gjZoCSDtrtBLjWPE9JnXunhV0acweTcxAQAAAQD+D/4BAAAQAAAAAAAAAAAAAAAEOei9OH4tRh0YqU3GxhX79dM/mwVgvbZJaSNaRk+bshkj0S5cfHcgYakreBjrHwatXKbz+IoIdYLxrKim2MjW0QEAAAEA/g/+AQAAEQAAAAAAAAAAAAAABBlpAb44kmSvOxC62DkhElGHlSHPZryy3/512pTDkuXWK4GavaOTlZG2QFTNOglcWLAsB/QQ2RT5UE5TwNY+GoQBAAABAP4P/gEAABIAAAAAAAAAAAAAAAQuEtwTsduKvLPygwN0Om1KtajCYHgGXpEK3qwgkqlEHhe1V/SISB7Bfdq7+kmqb4/LWQIBKRv8UUqPFBou3Em/AQAAAQD+D/4BAAATAAAAAAAAAAAAAAAED+zkORCbA9f1tdWRK0RaCR3GPv50cMxcrz4X8k5LTSUD1Dkw47mKJEZQNunItRTkWwgtaUSo1RVFRIG9ZXiFYgEAAAEA/g/+AQAAFAAAAAAAAAAAAAAABIHsOBrF4szYHaEcqpsnzB8gJl7GQ5Oph5EsWRQs1vYMJW7TluOAg7WGrzPsvu9qg/1atpeedJDBedg0/HziyakBAAABAP4P/gEAABUAAAAAAAAAAAAAAARfGvoEFEIA5CLG+ic7J7X3CfPIOJS1N6qV046aPcKR5uWidtxwDXY8XCW5+9F2umNfGqeZRp6JTkQ4D7uzl2JRAQAAAQD+D/4BAAAWAAAAAAAAAAAAAAAENy6QZ2Nju20vw1SRHe3d9jVu6gJ+4e3+MMpqu7pqE5HT6WsTSlce++GQmK5UXS8mzV8DSYHrQH+Xrf2jVcuKNgEAAAEA/g/+AQAAFwAAAAAAAAAAAAAABJ9BBpuxDUEcZV24Ckq0GS+vYK84NYBywFXfhpUVUCdTUjkaNBawKUe8Kpf4Ginbtp+EzvN0qvwJnlDqg+tGl1ABAAABAP4P/gEAABgAAAAAAAAAAAAAAARbPtBh88CUb8NH4N8AF11Rl42Ch5jt3Unf04JHaNH6/tUGwHx7O6UMrmzNOcMM8PAsfkhaEu9cgeUIVlXsxIqAAQAAAAAAAAAAAAAAAAAAAAAAAAAAAAAAAAAAAAAAAAAAAAAAAAAAAAAAAAAAAAAAAAAAAAAAAAAAAAAAAAAAAAAAAAAAAAAAAAAAAAAAAAAAAAAAAAAAAAAAAAAAAAAAAAAAAAAAAAAAAAAAAAAAAAAAAAAAAAAAAAAAAAAAAAAAAAAAAAAAAAAAAAAAAAAAAAAAAAAAAAAAAAAAAAAAAAAAAAAAAAAAAAAAAAAAAAAAAAAAAAAAAAAAAAAAAAAAAAAAAAAAAAAAAAAAAAAAAAAAAAAAAAAAAAAAAAAAAAAAAAAAAAAAAAAAAAAAAAAAAAAAAAAAAAAAAAAAAAAAAAAAAAAAAAAAAAAAAAAAAAAAAAAAAAAAAAAAAAAAAAAAAAAAAAAAAAAAAAAAAAAAAAAAAAAAAAAAAAAAAAAAAAAAAAAAAAAAAAAAAAAAAAAAAAAAAAAAAAAAAAAAAAAAAAAAAAAAAAAAAAAAAAAAAAAAAAAAAAAAAAAAAAAAAAAAAAAAAAAAAAAAAAAAAAAAAAAAAAAAAAAAAAAAAAAAAAAAAAAAAAAAAAAAAAAAAAAAAAAAAAAAAAAAAAAAAAAAAAAAAAAAAAAAAAAAAAAAAAAAAAAAAAAAAAAAAAAAAAAAAAAAAAAAAAAAAAAAAAAAAAAAAAAAAAAAAAAAAAAAAAAAAAAAAAAAAAAAAAAAAAAAAAAAAAAAAAAAAAAAAAAAAAAAAAAAAAABAAAAAAAAAAAAAAAAAAAAAAAAAAAAAAAAAAAAAAAAAAAAAAAAAAAAAAAAAAAAAAAAAAAAAAAAAAAAAAAAAAAAAAAAAAAAAAAAAAAAAAAAAAAAAAAAAAAAAAAAAAAAAAAAAAAAAAAAAAAAAAAAAAAAAAAAAAAAAAAAAAAAAAAAAAAAAAAAAAAAAAAAAAAAAAAAAAAAAAAAAAAAAAAAAAAAAAAAAAAAAAAAAAAAAAAAAAAAAAAAAAAAAAAAAAAAAAAAAAAAAAAAAAAAAAAAAAAAAAAAAAAAAAAAAAAAAAAAAAAAAAAAAAAAAAAAAAAAAAAAAAAAAAAAAAAAAAAAAAAAAAAAAAAAAAAAAAAAAAAAAAAAAAAAAAAAAAAAAAAAAAAAAAAAAAAAAAAAAAAAAAAAAAAAAAAAAAAAAAAAAAAAAAAAAAAAAAAAAAAAAAAAAAAAAAAAAAAAAAAAAAAAAAAAAAAAAAAAAAAAAAAAAAAAAAAAAAAAAAAAAAAAAAAAAAAAAAAAAAAAAAAAAAAAAAAAAAAAAAAAAAAAAAAAAAAAAAAAAAAAAAAAAAAAAAAAAAAAAAAAAAAAAAAAAAAAAAAAAAAAAAAAAAAAAAAAAAAAAAAAAAAAAAAAAAAAAAAAAAAAAAAAAAAAAAAAAAAAAAAAAAAAAAAAAAAAAAAAAAAAAAAAAAAAAAAAAAAAAAAAAAAAAAAAAAAAAAAAAAAAAAAAAAAAAAAAAAAAAAAAAAAAAAAAAAAAAAAAAAAAAAAAAAAAAAAAAAAAAAAAAAAAAAAAAAAAAAAAAAAAAAAAAAAAAAAAAAAAAAAAAAAAAAAAAAAAAAAAAAAAAAAAAAAAAAAAAAAAAAAAAAAAAAAAAAAAAAAAAAAAAAAAAAAAAAAAAAAAAAAAAAAAAAAAAAAAAAAAAAAAAAAAAAAAAAAAAAAAAAAAAAAAAAAAAAAAAAAAAAAAAAAAAAAAAAAAAAAAAAAAAAAAAAAAAAAAAAAAAAAAAAAAAAAAAAAAAAAAAAAAAAAAAAAAAAAAAAAAAAAAAAAAAAAAAAAAAAAAAAAAAAAAAAAAAAAAAAAAAAAAAAAAAAAAAAAAAAAAAAAAAAAAAAAAAAAAAAAAAAAAAAAAAAAAAAAAAAAAAAAAAAAAAAAAAAAAAAAAAAAAAAAAAAAAAAAAAAAAAAAAAAAAAAAAAAAAAAAAAAAAAAAAAAAAAAAAAAAAAAAAAAAAAAAAAAAAAAAAAAAAAAAAAAAAAAAAAAAAAAAAAAAAAAAAAAAAAAAAAAAAAAAAAAAAAAAAAAAAAAAAAAAAAAAAAAAAAAAAAAAAAAAAAAAAAAAAAAAAAAAAAAAAAAAAAAAAAAAAAAAAAAAAAAAAAAAAAAAAAAAAAAAAAAAAAAAAAAAAAAAAAAAAAAAAAAAAAAAAAAAAAAAAAAAAAAAAAAAAAAAAAAAAAAAAAAAAAAAAAAAAAAAAAAAAAAAAAAAAAAAAAAAAAAAAAAAAAAAAAAAAAAAAAAAAAAAAAAAAAAAAAAAAAAAAAAAAAAAAAAAAAAAAAAAAAAAAAAAAAAAAAAAAAAAAeBkAAAAAAACgGQAAAAAAAAo8c3JjLmluc3RhbGwubG9ja2ZpbGUuVHJlZT4gMjAgc2l6ZW9mLCA0IGFsaWdub2YKAAAAAAD+/////////wAAAAAXAAAAAQAAAAoAAAAAAAAAFwAAAAEAAADQGQAAAAAAADAaAAAAAAAACjx1MzI+IDQgc2l6ZW9mLCA0IGFsaWdub2YKAAAAAAAAAAAAAQAAAAIAAAADAAAABAAAAAUAAAAGAAAABwAAAAgAAAAJAAAACgAAAAsAAAAMAAAAGgAAABcAAAAZAAAAEgAAABMAAAAUAAAAEAAAABYAAAAVAAAAEQAAAA8AAABgGgAAAAAAANAaAAAAAAAACjx1MzI+IDQgc2l6ZW9mLCA0IGFsaWdub2YKAAAAAAABAAAAGAAAABcAAAAVAAAABAAAABIAAAARAAAACwAAAAoAAAAJAAAABQAAAAMAAAACAAAAAgAAAAQAAAAIAAAABgAAAAcAAAAQAAAADgAAAAwAAAANAAAADwAAABQAAAALAAAAEwAAABYAAAAVAAAAABsAAAAAAADYHQAAAAAAAAo8WzI2XXU4PiAyNiBzaXplb2YsIDEgYWxpZ25vZgoAAAAAAA4AAIBqaBymPunYTgICbGF0ZXN0AABLAAAADQAAgOBd3nMABx34AgFeNC4wLjAAAFgAAAAMAACAOkmZS/G7IBkCAV4yLjkuMAAAZAAAAAsAAICRL1qNJrU9OQIBPj0xOC4wLjBvAAAADAAAgFlToXz8YYpoAgEwLjEyLjAAAGF4aW9zAAAAOLD9kMfJmfcCAV4xLjcuOAAAewAAAA0AAICnie1lJmEoRwIBXjUuMC4xAACIAAAACQAAgI+ZR2jyG6ovAgFeNC4wLjAAAJEAAAALAACAa7k1iMNyT54CATIuMi4yAAAAnAAAAAkAAIDWTkan64/hNAIBXjIAAAAAAABwLXF1ZXVlAHuD32krkZXVAgFeNgAAAAAAAHAtcmV0cnkANUo9nTjFUbcCAV40AAAAAAAAcmV0cnkAAAAB0GjgshevgwIBXjAuMTMuMQByZXRyeQAAAAHQaOCyF6+DAgFeMC4xMy4xAG8AAAAMAACAWVOhfPxhimgCATAuMTIuMAAAewAAAA0AAICnie1lJmEoRwIBXjQuMC40AAB+AQAACQAAgKjf8+fxuPAxAgFeMy4yLjAAAMEBAAAJAACA4PUkvxl7zGcCAV4xLjAuMAAAYXN5bmNraXTOrWUyoy2+igIBXjAuNC4wAAD4AgAADwAAgE93Kp810a/+AgFeMS4wLjgAAAcDAAAKAACALwGTl17LYfQCAV4yLjEuMTIAbWltZS1kYgDDxaTx/calbgIBMS41Mi4wAADLAwAADgAAgBR4fhskoOCcAgF+MS4wLjAAAMkEAAAQAACAGyIDn1GgNOUCAV4xLjE1LjYAiAAAAAkAAICPmUdo8huqLwIBXjQuMC4wAADZBAAADgAAgI66Deeao6ARAgFeMS4xLjAAAK0FAAAMAACACW88xupRmrsCAX42LjIwLjAAZAAAAAsAAICRL1qNJrU9OQIBPj0xOC4wLjAiHgAAAAAAACIeAAAAAAAACjxzcmMuaW5zdGFsbC5zZW12ZXIuRXh0ZXJuYWxTdHJpbmc+IDE2IHNpemVvZiwgOCBhbGlnbm9mClAeAAAAAAAAvyQAAAAAAAAKPHU4PiAxIHNpemVvZiwgMSBhbGlnbm9mCgAAAABAc2xhY2svd2ViLWFwaWh0dHBzOi8vcmVnaXN0cnkubnBtanMub3JnL0BzbGFjay93ZWItYXBpLy0vd2ViLWFwaS03LjguMC50Z3pAc2xhY2svbG9nZ2VyQHNsYWNrL3R5cGVzQHR5cGVzL25vZGVAdHlwZXMvcmV0cnlldmVudGVtaXR0ZXIzZm9ybS1kYXRhaXMtZWxlY3Ryb25pcy1zdHJlYW1odHRwczovL3JlZ2lzdHJ5Lm5wbWpzLm9yZy9yZXRyeS8tL3JldHJ5LTAuMTMuMS50Z3podHRwczovL3JlZ2lzdHJ5Lm5wbWpzLm9yZy9wLXJldHJ5Ly0vcC1yZXRyeS00LjYuMi50Z3podHRwczovL3JlZ2lzdHJ5Lm5wbWpzLm9yZy9AdHlwZXMvcmV0cnkvLS9yZXRyeS0wLjEyLjAudGd6aHR0cHM6Ly9yZWdpc3RyeS5ucG1qcy5vcmcvcC1xdWV1ZS8tL3AtcXVldWUtNi42LjIudGd6cC10aW1lb3V0aHR0cHM6Ly9yZWdpc3RyeS5ucG1qcy5vcmcvcC10aW1lb3V0Ly0vcC10aW1lb3V0LTMuMi4wLnRnenAtZmluYWxseWh0dHBzOi8vcmVnaXN0cnkubnBtanMub3JnL3AtZmluYWxseS8tL3AtZmluYWxseS0xLjAuMC50Z3podHRwczovL3JlZ2lzdHJ5Lm5wbWpzLm9yZy9ldmVudGVtaXR0ZXIzLy0vZXZlbnRlbWl0dGVyMy00LjAuNy50Z3podHRwczovL3JlZ2lzdHJ5Lm5wbWpzLm9yZy9pcy1zdHJlYW0vLS9pcy1zdHJlYW0tMi4wLjEudGd6aHR0cHM6Ly9yZWdpc3RyeS5ucG1qcy5vcmcvaXMtZWxlY3Ryb24vLS9pcy1lbGVjdHJvbi0yLjIuMi50Z3podHRwczovL3JlZ2lzdHJ5Lm5wbWpzLm9yZy9mb3JtLWRhdGEvLS9mb3JtLWRhdGEtNC4wLjEudGd6Y29tYmluZWQtc3RyZWFtbWltZS10eXBlc2h0dHBzOi8vcmVnaXN0cnkubnBtanMub3JnL21pbWUtdHlwZXMvLS9taW1lLXR5cGVzLTIuMS4zNS50Z3podHRwczovL3JlZ2lzdHJ5Lm5wbWpzLm9yZy9taW1lLWRiLy0vbWltZS1kYi0xLjUyLjAudGd6aHR0cHM6Ly9yZWdpc3RyeS5ucG1qcy5vcmcvY29tYmluZWQtc3RyZWFtLy0vY29tYmluZWQtc3RyZWFtLTEuMC44LnRnemRlbGF5ZWQtc3RyZWFtaHR0cHM6Ly9yZWdpc3RyeS5ucG1qcy5vcmcvZGVsYXllZC1zdHJlYW0vLS9kZWxheWVkLXN0cmVhbS0xLjAuMC50Z3podHRwczovL3JlZ2lzdHJ5Lm5wbWpzLm9yZy9hc3luY2tpdC8tL2FzeW5ja2l0LTAuNC4wLnRnemh0dHBzOi8vcmVnaXN0cnkubnBtanMub3JnL2V2ZW50ZW1pdHRlcjMvLS9ldmVudGVtaXR0ZXIzLTUuMC4xLnRnemh0dHBzOi8vcmVnaXN0cnkubnBtanMub3JnL2F4aW9zLy0vYXhpb3MtMS43LjkudGd6Zm9sbG93LXJlZGlyZWN0c3Byb3h5LWZyb20tZW52aHR0cHM6Ly9yZWdpc3RyeS5ucG1qcy5vcmcvcHJveHktZnJvbS1lbnYvLS9wcm94eS1mcm9tLWVudi0xLjEuMC50Z3podHRwczovL3JlZ2lzdHJ5Lm5wbWpzLm9yZy9mb2xsb3ctcmVkaXJlY3RzLy0vZm9sbG93LXJlZGlyZWN0cy0xLjE1LjkudGd6aHR0cHM6Ly9yZWdpc3RyeS5ucG1qcy5vcmcvQHR5cGVzL25vZGUvLS9ub2RlLTIyLjEwLjIudGd6dW5kaWNpLXR5cGVzaHR0cHM6Ly9yZWdpc3RyeS5ucG1qcy5vcmcvdW5kaWNpLXR5cGVzLy0vdW5kaWNpLXR5cGVzLTYuMjAuMC50Z3podHRwczovL3JlZ2lzdHJ5Lm5wbWpzLm9yZy9Ac2xhY2svdHlwZXMvLS90eXBlcy0yLjE0LjAudGd6aHR0cHM6Ly9yZWdpc3RyeS5ucG1qcy5vcmcvQHNsYWNrL2xvZ2dlci8tL2xvZ2dlci00LjAuMC50Z3oAAAAAAAAAAAAAAAAAAAAAAAAAAAAAAAAAAAAAAAAAAAAAAAAAAAAAAAAAAAAAAAAAAAAAAAAAAAAAAAAAAAAAAAAAAAAAAAAAAAAAAAAAAAAAAAAAAAAAAAAAAAAAAAAAAAAAAAAAAAAAAAAAAAAAAAAAAAAAAAAAAAAAAAAAAAAAAAAAAAAAAAAAAAAAAAAAAAAAAAAAAA==