{
  "dependencies": {
    "sharp": "latest"
  }
}
//bun.lockb
IyEvdXNyL2Jpbi9lbnYgYnVuCmJ1bi1sb2NrZmlsZS1mb3JtYXQtdjAKAgAAADmnL6Mp0T2oOZ0oVNaAObTfDDCHeXmGSHgCd+db9jjLwDAAAAAAAAAfAAAAAAAAAAgAAAAAAAAACAAAAAAAAACAAAAAAAAAACMfAAAAAAAAAAAAAAAAAAAAAHNoYXJwAAAA+gEAACIAAIDaAQAAIAAAgLsBAAAfAACAnQEAAB4AAIB/AQAAHgAAgGIBAAAdAACARgEAABwAAIAqAQAAHAAAgBABAAAaAACA+AAAABgAAIDhAAAAFwAAgMsAAAAWAACAtQAAABYAAICgAAAAFQAAgIsAAAAVAACAdwAAABQAAIBjAAAAFAAAgE8AAAAUAACAPgAAABEAAIB8CAAADwAAgHRzbGliAAAAMwAAAAsAAIBzZW12ZXIAAGNvbG9yAAAAuQkAAAwAAIAPCgAADgAAgGEKAAALAACABQoAAAoAAICsCQAADQAAgAAAAAAAAAAA1t+nzI7/m/lgVFIY7FS7TiEED6DfVLHiQ7b73dG8n3O2waKyNhLlpUhupET+awTdTwQbHW0LwmHVsmiQvpvpPsei/tBb5uWk71jdlQ5KtRccG/mL5TMP1qm7YOqjgmZ2+otBI37TmXV77GLwDIOponCmPriCe+ufwvgs+K/I7aJLdwFKUfPcEIHPAidTgwJ97oiI3AhHcYLgwRX+hNho5Gmjog64EhJFRp/dqqIXu/ho+XyABD+1RxVJ5VYNkiTjnN0gh1GyBay6BaGkBMmnsQcUXxR76UKv9m6WghQKpiPRWKrQSfSf5WJxJD1ACw84AQAAAAAAAAAAAAAAAAAAAAAAAAAAAAAAAAAAAAAAAAAAAAAAAAAAAAAAAAAAAAAAAAAAAAAAAAAAAAAAAAAAAAIAAAAAAAAAAAAAADMAAIAAAAAAIQAAAAUAAAAAAAAAAAAAAAAAAAAAAAAAAAAAAAAAAAAAAAAAAAAAAAAAAAACAAAAAAAAABwCAABnAACAAQAAAAAAAAAEAAAAAAAAAAAAAAAAAAAAAAAAAAAAAAAAAAAAAAAAAAAAAAAAAAAAAgAAAAAAAACDAgAAYwAAgAEAAAAAAAAABAAAAAAAAAAAAAAAAAAAAAAAAAAAAAAAAAAAAAAAAAAAAAAAAAAAAAIAAAAAAAAA5gIAAGEAAIABAAAAAAAAAAQAAAAAAAAAAAAAAAAAAAAAAAAAAAAAAAAAAAAAAAAAAAAAAAAAAAACAAAAAAAAAEcDAABfAACAAQAAAAAAAAAEAAAAAAAAAAAAAAAAAAAAAAAAAAAAAAAAAAAAAAAAAAAAAAAAAAAAAgAAAAAAAACmAwAAXwAAgAEAAAAAAAAABAAAAAAAAAAAAAAAAAAAAAAAAAAAAAAAAAAAAAAAAAAAAAAAAAAAAAIAAAAAAAAABQQAAF0AAIABAAAAAAAAAAQAAAAAAAAAAAAAAAAAAAAAAAAAAAAAAAAAAAAAAAAAAAAAAAAAAAACAAAAAAAAAGIEAABbAACAAQAAAAAAAAAEAAAAAAAAAAAAAAAAAAAAAAAAAAAAAAAAAAAAAAAAAAAAAAAAAAAAAgAAAAAAAAC9BAAAWwAAgAEAAAAAAAAABQAAAAAAAAAAAAAAAAAAAAAAAAAAAAAAAAAAAAAAAAAAAAAAAAAAAAIAAAAAAAAAGAUAAFgAAIAAAAAAIQAAAAUAAAAAAAAAAAAAAAAAAAAAAAAAAAAAAAAAAAAAAAAAAAAAAAAAAAACAAAAAAAAAHAFAABUAACAAAAAACEAAAAFAAAAAAAAAAAAAAAAAAAAAAAAAAAAAAAAAAAAAAAAAAAAAAAAAAAAAgAAAAAAAADEBQAAUgAAgAAAAAAhAAAABQAAAAAAAAAAAAAAAAAAAAAAAAAAAAAAAAAAAAAAAAAAAAAAAAAAAAIAAAAAAAAAFgYAAFAAAIAAAAAAIQAAAAUAAAAAAAAAAAAAAAAAAAAAAAAAAAAAAAAAAAAAAAAAAAAAAAAAAAACAAAAAAAAAGYGAABQAACAAAAAACEAAAAFAAAAAAAAAAAAAAAAAAAAAAAAAAAAAAAAAAAAAAAAAAAAAAAAAAAAAgAAAAAAAAC2BgAATgAAgAAAAAAhAAAABQAAAAAAAAAAAAAAAAAAAAAAAAAAAAAAAAAAAAAAAAAAAAAAAAAAAAIAAAAAAAAABAcAAE4AAIAAAAAAIQAAAAUAAAAAAAAAAAAAAAAAAAAAAAAAAAAAAAAAAAAAAAAAAAAAAAAAAAACAAAAAAAAAFIHAABMAACAAAAAACEAAAAFAAAAAAAAAAAAAAAAAAAAAAAAAAAAAAAAAAAAAAAAAAAAAAAAAAAAAgAAAAAAAACeBwAATAAAgAAAAAAhAAAABQAAAAAAAAAAAAAAAAAAAAAAAAAAAAAAAAAAAAAAAAAAAAAAAAAAAAIAAAAAAAAA6gcAAEwAAIAAAAAAIQAAAAUAAAAAAAAAAAAAAAAAAAAAAAAAAAAAAAAAAAAAAAAAAAAAAAAAAAACAAAAAAAAADYIAABGAACAAAAAACEAAAAFAAAAAAAAAAAAAAAAAAAAAAAAAAAAAAAAAAAAAAAAAAAAAAAAAAAAAgAAAAAAAACLCAAAPgAAgAEAAAADAAAAAQAAAAAAAAAAAAAAAAAAAAAAAAAAAAAAAAAAAAAAAAAAAAAAAAAAAAIAAAAAAAAAyQgAADIAAIACAAAACAAAAAEAAAAAAAAAAAAAAAAAAAAAAAAAAAAAAAAAAAAAAAAAAAAAAAAAAAACAAAAAAAAAPsIAAA+AACAAgAAAAAAAAADAAAAAAAAAAAAAAAAAAAAAAAAAAAAAAAAAAAAAAAAAAAAAAAAAAAAAgAAAAAAAABGCQAANAAAgAcAAAAGAAAAAwAAAAAAAAAAAAAAAAAAAAAAAAAAAAAAAAAAAAAAAAAAAAAAAAAAAAIAAAAAAAAAegkAADIAAIAEAAAAAgAAAAMAAAAAAAAAAAAAAAAAAAAAAAAAAAAAAAAAAAAAAAAAAAAAAAAAAAACAAAAAAAAAMUJAABAAACAAQAAAAkAAAABAAAAAAAAAAAAAAAAAAAAAAAAAAAAAAAAAAAAAAAAAAAAAAAAAAAAAgAAAAAAAAAdCgAARAAAgAAAAAACAAAAAgAAAAAAAAAAAAAAAAAAAAAAAAAAAAAAAAAAAAAAAAAAAAAAAAAAAAIAAAAAAAAAbAoAAD4AAIAAAAAAAwAAAAIAAAAAAAAAAAAAAAAAAAAAAAAAAAAAAAAAAAAAAAAAAAAAAAAAAAACAAAAAAAAAKoKAAA8AACAAQAAAAEAAAAEAAAAAAAAAAAAAAAAAAAAAAAAAAAAAAAAAAAAAAAAAAAAAAAAAAAAAgAAAAAAAADmCgAAQgAAgAIAAAAAAAAAAQAAAAAAAAAAAAAAAAAAAAAAAAAAAAAAAAAAAAAAAAAAAAAAAAAAAAAAAAABAAAAAQAAABYAAAAXAAAAAAAAABcAAAAAAAAAFwAAAAAAAAAXAAAAAAAAABcAAAAAAAAAFwAAAAAAAAAXAAAAAAAAABcAAAAAAAAAFwAAAAEAAAAYAAAAAQAAABkAAAABAAAAGgAAAAEAAAAbAAAAAQAAABwAAAAAAAAAHAAAAAEAAAAdAAAAAAAAAB0AAAABAAAAHgAAAAEAAAAfAAAAAQAAACAAAAABAAAAIQAAAAAAAAAhAAAAAAAAACEAAAAAAAAAIQAAAAIAAAAjAAAAAgAAACUAAAABAAAAJgAAAAAAAAAmAAAAAAAAACYAAAABAAAAAAAAAAEAAAABAAAAFgAAABcAAAAAAAAAFwAAAAAAAAAXAAAAAAAAABcAAAAAAAAAFwAAAAAAAAAXAAAAAAAAABcAAAAAAAAAFwAAAAAAAAAXAAAAAQAAABgAAAABAAAAGQAAAAEAAAAaAAAAAQAAABsAAAABAAAAHAAAAAAAAAAcAAAAAQAAAB0AAAAAAAAAHQAAAAEAAAAeAAAAAQAAAB8AAAABAAAAIAAAAAEAAAAhAAAAAAAAACEAAAAAAAAAIQAAAAAAAAAhAAAAAgAAACMAAAACAAAAJQAAAAEAAAAmAAAAAAAAACYAAAAAAAAAJgAAAAEAAAAAAP4P/gEAAAAAAAAAAAAAAAAAAAAAAAAAAAAAAAAAAAAAAAAAAAAAAAAAAAAAAAAAAAAAAAAAAAAAAAAAAAAAAAAAAAAAAAAAAAAAAAAAAAAAAAAAAQAAAQD+D/4BAAABAAAAAAAAAAAAAAAEhaPVm1EkS9pgvHrQ/F3Xy+hgcuMV0Wm9vfIBSiwZ05k+xgb0PkBQpGsAA/oWdDobNaZTH5ppvHtzCFbnSEwHVwIAAAEABAAQAAAAAgAAAAAAAAAAAAAABPU4vgW02A3LG6eMH2Im/ArZtYpZLoJAP7rHFJ+lFytZXaQtSY4l2y3xWbUZQYYz2eaNTQi4g24PH4VDykrR6EwBAAABAAAIEAAAAAMAAAAAAAAAAAAAAAS+Jg3Upf2b7+EaQm29hin4IIuCclfCJAHf11qYA7tYx0paUiGZhN8ePBJtB5Qr/bS9jXnibB7N30d+VUUzXBVLAQAAAQAEAAQAAAAEAAAAAAAAAAAAAAAEXblONe153h0O2zuFfTAbQYAX2JhYmDHeWikp1LM9Hul9gVPjFY427k6dFEcOL72O01QxQsWi761svJ/ev9xEDgEAAAEAAAIQAAAABQAAAAAAAAAAAAAABLu1s+p7YkkoBkhnI2eeYpurr06zsUiEvP3YKFTKIhhPSOiQH1OdMh+QaA5WANbXLhku4P0DbXrSZ8QOkBLAlUwBAAABAAQAEAAAAAYAAAAAAAAAAAAAAAT0H61pnwOXLKrNlCeh4i8NVH/YXgRsx6lcxz811VuTOwlvORSOFe//vQZAnu10sDhgmA0/bnO6RzGlfb9K542sAQAAAQAACAQAAAAHAAAAAAAAAAAAAAAExnGR8YuZYfJGmWPvmlunFaWJsb9T/AO2ykoP3Fz/0X5XV2aoYBPkX6xqCQvUTKKiLddarLaxpzNe+b1hjeWHAQEAAAEAAAgQAAAACAAAAAAAAAAAAAAABDJlpkN4jxWa9CHr/gQIFTG92cguCnhXN4xcZzWxD2rOtHtXCH3r27bsn/ZwxiMzmlvT3Zw3IiZvsBRWk5Y+cWMBAAABAAIAEAAAAAkAAAAAAAAAAAAAAASC9wLgAIA49E0BOD+i/z8ydvEUMmp/+kN49sGe4ENyOwjw+yyaOgowDPgu0tpWL46dJvkUr/Ig5qaoPAaZdbfaAQAAAQAEABAAAAAKAAAAAAAAAAAAAAAEXrHMZwGQGvJg2V/oRSUfSAfjfPxO+4DkiRh6p2AFjLQztWUuY/o8Mq0eMQVIY7HJ1CDQUJlxGGZRw1a5bqmd1gEAAAEAAAgQAAAACwAAAAAAAAAAAAAABFk/nf3IKipJCskmJqqGfMt6cce5cfb1Xo8Vv1uAzhTGFUpBK0fsO5n9rvJv8uPsR3u8mPQwF0DFkIaZzLhX0nMBAAABAAQABAAAAAwAAAAAAAAAAAAAAARRPin6LP/Yfi3DACgsKp8D1QfmkjoOCDAoQa5o/LucJVDxmyJjk8hytG8PUPO5jepgvTs20hBxacFJj+F6KQgVAQAAAQAAAhAAAAANAAAAAAAAAAAAAAAEy/5PCd+mP4CA/sPDKl2961b+C9d+vPAveS33s6Z3zfASk2j5upL6fXVPZi7ztePZ5CuH+1kW8JtvxgbuXHRa4QEAAAEABAAQAAAADgAAAAAAAAAAAAAABCTFb/gDEchjh7TtURQYicvzAbIM9MeAFq0+kKBFVU8odRN/U6wlKU0SO5sfVZLBl+GsFgEsagmCwleMAWRwGMQBAAABAAgAgAAAAA8AAAAAAAAAAAAAAARPfo9uUtpPC5Un/PD8tofQ91mRHPmt3dKYwdfwZKZHu+01I/lnptCQTF1IrvEZbLEvDixSScG66BN6WDDZ9oFtAQAAAQAACAQAAAAQAAAAAAAAAAAAAAAEfyHac4jIc1ANYGRDxtiqelIbdWkIuQaI84Mv45KvGRRxSAa7o7d1ZKAOBaYbnepLC1WqxfpimdeWfvqqSGwR2QEAAAEAAAiAAAAAEQAAAAAAAAAAAAAABDKWP6PP/JI/hHJ8cL6z+GkyUlsP2meySBkeGgXmZGcOQe/yZ/rWPf1TcLXKBpnU+xn4IBiFOJMoDjEm2JzqwG4BAAABAAAIEAAAABIAAAAAAAAAAAAAAASikL46TmlE0DO6+rUAbRqv7WjCy7zjb8Bv7iq9Tzv2KmkkEe/JjmfabEXWLNeqQ9iUa4/8znnq6HneNEsmbNNYAQAAAQACABAAAAATAAAAAAAAAAAAAAAEJTS1eldqZbJxjvKaAkxhZmBqPRGmxgu+qFKSInv8moZ2AmT5Yib3EQ1c6gp493HvrvV8QgdOXdyaIBrhvFhBMQEAAAEAAAD+AQAAFAAAAAAAAAAAAAAABMpFFuC1RmjHFPZbvbYb/OQm0TAMH3mnQiR0bINhpnkWv3CcbFWPUW3eeyXDMQZCh2oOVP8e00gaUnBeFPBJVc4BAAABAP4P/gEAABUAAAAAAAAAAAAAAASQQGYbwrKq3Elm/7KBsSKb4oIa0irV8LbYyzdLjOJeZgqby7KgtfQwc41UrCn72imDf3RVopE23hrsD03Cak2HAQAAAQD+D/4BAAAWAAAAAAAAAAAAAAAEoJFu94HQb+KVduSUQL7wnpmqnfmLsOA/nAh6b6EH0wCEoK0/mPeXU6c3wKDV83MkOuHPRHtSXKKU99IBazS/2wEAAAEA/g/+AQAAFwAAAAAAAAAAAAAABG8MtDBlueWxuNVasccqTrHUnRqi8FzyP36HMIE2AhTG3VIgQMS4PQhcxtPLM9mqs5J8Il+x5JdG0BDY4PIiwcsBAAABAP4P/gEAABgAAAAAAAAAAAAAAAShV6Q/Vwq0j4JMO8dZgVRwy2wr/TTCYAR/Kop810BGby7XA1WFKBpfsDx3hS4iVQjl7ziITA6Gztk9hGbNT1ToAQAAAQD+D/4BAAAZAAAAAAAAAAAAAAAE1rXeuUUiGGrykh+CeBdu5Ie7OJwinCgQY0bc7GCRxy5xVHy+moaqkpL/jqQq0MtQOeYcrqEz4abc5f0KtU7W4AEAAAEA/g/+AQAAGgAAAAAAAAAAAAAABLIa1WsEBaI52b+sTONGp8eApKAz/n2bMP2XqxDLFv6cs7EWxJabC/wwVVu6txMccLrHTVyN5V6boRGZM7PKeRIBAAABAP4P/gEAABsAAAAAAAAAAAAAAAQkD/+RCBm1u5jzeb7FP61cmSYmdwYxMVP4L6DaHZH27GRgisTbLL2yCZwuEKfDnv9ZIP4SHcn3sU8QMWdtecNSAQAAAQD+D/4BAAAcAAAAAAAAAAAAAAAEeVRqCvVlZbuw3GrM63ovNSNAeA1K16kaR/LRY/92w0zxQ5/1YzwblUX652i4Xs9RwAGjW9d9y6X88t8OaAJfWQEAAAEA/g/+AQAAHQAAAAAAAAAAAAAABHTsvtwLlt2tsDW2RyLjGaU3IIxri1P7gS/7m3GRfTl2w6PH3+DvMlaeQX9Hn0vLhKGKOauBce3WPToEBl4ALEABAAABAP4P/gEAAB4AAAAAAAAAAAAAAARFEQI+yPuK7/FvmgphywUdKmkU2eyP/nY5VNEpvjM/midfBUXfNWaZOg1w58YL4JEOl8r9Tnzh8yDfxkcJoSUpAQAAAAAAAAAAAAAAAAAAAAAAAAAAAAAAAAAAAAAAAAAAAAAAAAAAAAAAAAAAAAAAAAAAAAAAAAAAAAAAAAAAAAAAAAAAAAAAAAAAAAAAAAAAAAAAAAAAAAAAAAAAAAAAAAAAAAAAAAAAAAAAAAAAAAAAAAAAAAAAAAAAAAAAAAAAAAAAAAAAAAAAAAAAAAAAAAAAAAAAAAAAAAAAAAAAAAAAAAAAAAAAAAAAAAAAAAAAAAAAAAAAAAAAAAAAAAAAAAAAAAAAAAAAAAAAAAAAAAAAAAAAAAAAAAAAAAAAAAAAAAAAAAAAAAAAAAAAAAAAAAAAAAAAAAAAAAAAAAAAAAAAAAAAAAAAAAAAAAAAAAAAAAAAAAAAAAAAAAAAAAAAAAAAAAAAAAAAAAAAAAAAAAAAAAAAAAAAAAAAAAAAAAAAAAAAAAAAAAAAAAAAAAAAAAAAAAAAAAAAAAAAAAAAAAAAAAAAAAAAAAAAAAAAAAAAAAAAAAAAAAAAAAAAAAAAAAAAAAAAAAAAAAAAAAAAAAAAAAAAAAAAAAAAAAAAAAAAAAAAAAAAAAAAAAAAAAAAAAAAAAAAAAAAAAAAAAAAAAAAAAAAAAAAAAAAAAAAAAAAAAAAAAAAAAAAAAAAAAAAAAAAAgAAAHNlbXZlcgAAOQkAAA0AAIAAAAAAAAAAAAAAAAAAAAAAAAAAAAAAAAAAAAAAAAAAAAAAAAAAAAAAAAAAAAAAAAAAAAAAAAAAAAAAAAAAAAAAAAAAAAAAAAAAAAAAAAAAAAAAAAAAAAAAAAAAAAAAAAAAAAAAAAAAAAAAAAAAAAAAAAAAAAAAAAAAAAAAAAAAAAAAAAAAAAAAAAAAAAAAAAAAAAAAAAAAAAAAAAAAAAAAAAAAAAAAAAABAAAAAAAAAAAAAAAAAAAAAAAAAAAAAAAAAAAAAAAAAAAAAAAAAAAAAAAAAAAAAAAAAAAAAAAAAAAAAAAAAAAAAAAAAAAAAAAAAAAAAAAAAAAAAAAAAAAAAAAAAAAAAAAAAAAAAAAAAAAAAAAAAAAAAAAAAAAAAAAAAAAAAAAAAAAAAAAAAAAAAAAAAAAAAAAAAAAAAAAAAAAAAAAAAAAAAAAAAAAAAAAAAAAAAAAAAAAAAAAAAAAAAAAAAAAAAAAAAAAAAAAAAAAAAAAAAAAAAAAAAAAAAAAAAAAAAAAAAAAAAAAAAAAAAAAAAAAAAAAAAAAAAAAAAAAAAAAAAAAAAAAAAAAAAAAAAAAAAAAAAAAAAAAAAAAAAAAAAAAAAAAAAAAAAAAAAAAAAAAAAAAAAAAAAAAAAAAAAAAAAAAAAAAAAAAAAAAAAAAAAAAAAAAAAAAAAAAAAAAAAAAAAAAAAAAAAAAAAAAAAAAAAAAAAAAAAAAAAAAAAAAAAAAAAAAAAAAAAAAAAAAAAAAAAAAAAAAAAAAAAAAAAAAAAAAAAAAAAAAAAAAAAAAAAAAAAAAAAAAAAAAAAAAAAAAAAAAAAAAAAAAAAAAAAAAAAAAAAAAAAAAAAAAAAAAAAAAAAAAAAAAAAAAAAAAAAAAAAAAAAAAAAAAAAAAAAAAAAAAAAAAAAAAAAAAAAAAAAAAAAAAAAAAAAAAAAAAAAAAAAAAAAAAAAAAAAAAAAAAAAAAAAAAAAAAAAAAAAAAAAAAAAAAAAAAAAAAAAAAAAAAAAAAAAAAAAAAAAAAAAAAAAAAAAAAAAAAAAAAAAAAAAAAAAAAAAAAAAAAAAAAAAAAAAAAAAAAAAAAAAAAAAAAAAAAAAAAAAAAAAAAAAAAAAAAAAAAAAAAAAAAAAAAAAAAAAAAAAAAAAAAAAAAAAAAAAAAAAAAAAAAAAAAAAAAAAAAAAAAAAAAAAAAAAAAAAAAAAAAAAAAAAAAAAAAAAAAAAAAAAAAAAAAAAAAAAAAAAAAAAAAAAAAAAAAAAAAAAAAAAAAAAAAAAAAAAAAAAAAAAAAAAAAAAAAAAAAAAAAAAAAAAAAAAAAAAAAAAAAAAAAAAAAAAAAAAAAAAAAAAAAAAAAAAAAAAAAAAAAAAAAAAAAAAAAAAAAAAAAAAAAAAAAAAAAAAAAAAAAAAAAAAAAAAAAAAAAAAAAAAAAAAAAAAAAAAAAAAAAAAAAAAAAAAAAAAAAAAAAAAAAAAAAAAAAAAAAAAAAAAAAAAAAAAAAAAAAAAAAAAAAAAAAAAAAAAAAAAAAAAAAAAAAAAAAAAAAAAAAAAAAAAAAAAAAAAAAAAAAAAAAAAAAAAAAAAAAAAAAAAAAAAAAAAAAAAAAAAAAAAAAAAAAAAAAAAAAAAAAAAAAAAAAAAAAAAAAAAAAAAAAAAAAAAAAAAAAAAAAAAAAAAAAAAAAAAAAAAAAAAAAAAAAAAAAAAAAAAAAAAAAAAAAAAAAAAAAAAAAAAAAAAAAAAAAAAAAAAAAAAAAAAAAAAAAAAAAAAAAAAAAAAAAAAAAAAAAAAAAAAAAAAAAAAAAAAAAAAAAAAAAAAAAAAAAAAAAAAAAAAAAAAAAAAAAAAAAAAAAAAAAAAAAAAAAAAAAAAAAAAAAAAAAAAAAAAAAAAAAAAAAAAAAAAAAAAAAAAAAAAAAAAAAAAAAAAAAAAAAAAAAAAAAAAAAAAAAAAAAAAAAAAAAAAAAAAAAAAAAAAAAAAAAAAAAAAAAAAAAAAAAAAAAAAAAAAAAAAAAAAAAAAAAAAAAAAAAAAAAAAAAAAAAAAAAAAAAAAAAAAAAAAAAAAAAAAAAAAAAAAAAAAAAAAAAAAAAAAAAAAAAAAAAAAAAAAAAAAAAAAAAAAAAAAAAAAAAAAAAAAAAAAAAAAAAAAAAAAAAAAAAAAAAAAAAAAAAAAAAAAAAAAAAAAAAAAAAAAAAAaB8AAAAAAAB8HwAAAAAAAAo8c3JjLmluc3RhbGwubG9ja2ZpbGUuVHJlZT4gMjAgc2l6ZW9mLCA0IGFsaWdub2YKAAAAAAAAAP7/////////AAAAAB4AAACoHwAAAAAAACAgAAAAAAAACjx1MzI+IDQgc2l6ZW9mLCA0IGFsaWdub2YKAAAAAAABAAAAAgAAAAMAAAAEAAAABQAAAAYAAAAHAAAACAAAAAkAAAAKAAAACwAAAAwAAAANAAAADgAAAA8AAAAQAAAAEQAAABIAAAATAAAAFAAAABUAAAAWAAAAIQAAACIAAAAfAAAAJgAAACQAAAAgAAAAJQAAAFAgAAAAAAAA7CAAAAAAAAAKPHUzMj4gNCBzaXplb2YsIDQgYWxpZ25vZgoAAAAAAAEAAAAZAAAAGAAAABcAAAAUAAAAEwAAABIAAAARAAAAEAAAAA8AAAAOAAAADQAAAAwAAAALAAAACgAAAAkAAAAIAAAABwAAAAYAAAAFAAAABAAAAAMAAAACAAAAAgAAAAMAAAAEAAAABQAAAAYAAAAHAAAACAAAAAkAAAAVAAAAFgAAAB4AAAAaAAAAHQAAABsAAAAcAAAAHQAAACAhAAAAAAAAFiUAAAAAAAAKPFsyNl11OD4gMjYgc2l6ZW9mLCAxIGFsaWdub2YKAAAAAABzaGFycAAAANbfp8yO/5v5AgJsYXRlc3QAAGNvbG9yAAAAnN0gh1GyBawCAV40LjIuMwAAc2VtdmVyAAAVSeVWDZIk4wIBXjcuNi4zAAAzAAAACwAAgGj5fIAEP7VHAgFeMi4wLjMAAD4AAAARAACA4MEV/oTYaOQEATAuMzMuNQAATwAAABQAAIDuiIjcCEdxggQBMC4zMy41AABjAAAAFAAAgIHPAidTgwJ9BAEwLjMzLjUAAHcAAAAUAACAS3cBSlHz3BAEATAuMzMuNQAAiwAAABUAAIDC+Cz4r8jtogQBMC4zMy41AACgAAAAFQAAgHCmPriCe+ufBAEwLjMzLjUAALUAAAAWAACAe+xi8AyDqaIEATAuMzMuNQAAywAAABYAAID6i0EjftOZdQQBMC4zMy41AADhAAAAFwAAgKm7YOqjgmZ2BAEwLjMzLjUAAPgAAAAYAACAHBv5i+UzD9YEATAuMzMuNQAAEAEAABoAAIDvWN2VDkq1FwQBMC4zMy41AAAqAQAAHAAAgMei/tBb5uWkBAExLjAuNQAAAEYBAAAcAACA1bJokL6b6T4EATEuMC40AAAAYgEAAB0AAIBPBBsdbQvCYQQBMS4wLjQAAAB/AQAAHgAAgEhupET+awTdBAExLjAuNAAAAJ0BAAAeAACAtsGisjYS5aUEATEuMC40AAAAuwEAAB8AAIBDtvvd0byfcwQBMS4wLjQAAADaAQAAIAAAgCEED6DfVLHiBAExLjAuNAAAAPoBAAAiAACAYFRSGOxUu04EATEuMC40AAAA+gEAACIAAIBgVFIY7FS7TgQBMS4wLjQAAADaAQAAIAAAgCEED6DfVLHiBAExLjAuNAAAALsBAAAfAACAQ7b73dG8n3MEATEuMC40AAAAnQEAAB4AAIC2waKyNhLlpQQBMS4wLjQAAAB/AQAAHgAAgEhupET+awTdBAExLjAuNAAAAGIBAAAdAACATwQbHW0LwmEEATEuMC40AAAARgEAABwAAIDVsmiQvpvpPgQBMS4wLjQAAAAqAQAAHAAAgMei/tBb5uWkBAExLjAuNQAAAHwIAAAPAACAaaOiDrgSEkUCAV4xLjIuMAAAdHNsaWIAAABGn92qohe7+AIBXjIuNC4wAACsCQAADQAAgGJxJD1ACw84AgFeMi4wLjEAALkJAAAMAACAugWhpATJp7ECAV4xLjkuMAAABQoAAAoAAIDRWKrQSfSf5QIBXjEuMC4wAAAPCgAADgAAgAcUXxR76UKvAgFeMC4yLjIAAGEKAAALAACA9m6WghQKpiMCAV4wLjMuMQAABQoAAAoAAIDRWKrQSfSf5QIBfjEuMS40AABgJQAAAAAAAGAlAAAAAAAACjxzcmMuaW5zdGFsbC5zZW12ZXIuRXh0ZXJuYWxTdHJpbmc+IDE2IHNpemVvZiwgOCBhbGlnbm9mCpAlAAAAAAAAuDAAAAAAAAAKPHU4PiAxIHNpemVvZiwgMSBhbGlnbm9mCgAAAAAAAGh0dHBzOi8vcmVnaXN0cnkubnBtanMub3JnL3NoYXJwLy0vc2hhcnAtMC4zMy41LnRnemRldGVjdC1saWJjQGltZy9zaGFycC13YXNtMzJAaW1nL3NoYXJwLWxpbnV4LWFybUBpbWcvc2hhcnAtbGludXgteDY0QGltZy9zaGFycC13aW4zMi14NjRAaW1nL3NoYXJwLWRhcndpbi14NjRAaW1nL3NoYXJwLXdpbjMyLWlhMzJAaW1nL3NoYXJwLWxpbnV4LWFybTY0QGltZy9zaGFycC1saW51eC1zMzkweEBpbWcvc2hhcnAtZGFyd2luLWFybTY0QGltZy9zaGFycC1saW51eG11c2wteDY0QGltZy9zaGFycC1saW51eG11c2wtYXJtNjRAaW1nL3NoYXJwLWxpYnZpcHMtbGludXgtYXJtQGltZy9zaGFycC1saWJ2aXBzLWxpbnV4LXg2NEBpbWcvc2hhcnAtbGlidmlwcy1kYXJ3aW4teDY0QGltZy9zaGFycC1saWJ2aXBzLWxpbnV4LWFybTY0QGltZy9zaGFycC1saWJ2aXBzLWxpbnV4LXMzOTB4QGltZy9zaGFycC1saWJ2aXBzLWRhcndpbi1hcm02NEBpbWcvc2hhcnAtbGlidmlwcy1saW51eG11c2wteDY0QGltZy9zaGFycC1saWJ2aXBzLWxpbnV4bXVzbC1hcm02NGh0dHBzOi8vcmVnaXN0cnkubnBtanMub3JnL0BpbWcvc2hhcnAtbGlidmlwcy1saW51eG11c2wtYXJtNjQvLS9zaGFycC1saWJ2aXBzLWxpbnV4bXVzbC1hcm02NC0xLjAuNC50Z3podHRwczovL3JlZ2lzdHJ5Lm5wbWpzLm9yZy9AaW1nL3NoYXJwLWxpYnZpcHMtbGludXhtdXNsLXg2NC8tL3NoYXJwLWxpYnZpcHMtbGludXhtdXNsLXg2NC0xLjAuNC50Z3podHRwczovL3JlZ2lzdHJ5Lm5wbWpzLm9yZy9AaW1nL3NoYXJwLWxpYnZpcHMtZGFyd2luLWFybTY0Ly0vc2hhcnAtbGlidmlwcy1kYXJ3aW4tYXJtNjQtMS4wLjQudGd6aHR0cHM6Ly9yZWdpc3RyeS5ucG1qcy5vcmcvQGltZy9zaGFycC1saWJ2aXBzLWxpbnV4LXMzOTB4Ly0vc2hhcnAtbGlidmlwcy1saW51eC1zMzkweC0xLjAuNC50Z3podHRwczovL3JlZ2lzdHJ5Lm5wbWpzLm9yZy9AaW1nL3NoYXJwLWxpYnZpcHMtbGludXgtYXJtNjQvLS9zaGFycC1saWJ2aXBzLWxpbnV4LWFybTY0LTEuMC40LnRnemh0dHBzOi8vcmVnaXN0cnkubnBtanMub3JnL0BpbWcvc2hhcnAtbGlidmlwcy1kYXJ3aW4teDY0Ly0vc2hhcnAtbGlidmlwcy1kYXJ3aW4teDY0LTEuMC40LnRnemh0dHBzOi8vcmVnaXN0cnkubnBtanMub3JnL0BpbWcvc2hhcnAtbGlidmlwcy1saW51eC14NjQvLS9zaGFycC1saWJ2aXBzLWxpbnV4LXg2NC0xLjAuNC50Z3podHRwczovL3JlZ2lzdHJ5Lm5wbWpzLm9yZy9AaW1nL3NoYXJwLWxpYnZpcHMtbGludXgtYXJtLy0vc2hhcnAtbGlidmlwcy1saW51eC1hcm0tMS4wLjUudGd6aHR0cHM6Ly9yZWdpc3RyeS5ucG1qcy5vcmcvQGltZy9zaGFycC1saW51eG11c2wtYXJtNjQvLS9zaGFycC1saW51eG11c2wtYXJtNjQtMC4zMy41LnRnemh0dHBzOi8vcmVnaXN0cnkubnBtanMub3JnL0BpbWcvc2hhcnAtbGludXhtdXNsLXg2NC8tL3NoYXJwLWxpbnV4bXVzbC14NjQtMC4zMy41LnRnemh0dHBzOi8vcmVnaXN0cnkubnBtanMub3JnL0BpbWcvc2hhcnAtZGFyd2luLWFybTY0Ly0vc2hhcnAtZGFyd2luLWFybTY0LTAuMzMuNS50Z3podHRwczovL3JlZ2lzdHJ5Lm5wbWpzLm9yZy9AaW1nL3NoYXJwLWxpbnV4LXMzOTB4Ly0vc2hhcnAtbGludXgtczM5MHgtMC4zMy41LnRnemh0dHBzOi8vcmVnaXN0cnkubnBtanMub3JnL0BpbWcvc2hhcnAtbGludXgtYXJtNjQvLS9zaGFycC1saW51eC1hcm02NC0wLjMzLjUudGd6aHR0cHM6Ly9yZWdpc3RyeS5ucG1qcy5vcmcvQGltZy9zaGFycC13aW4zMi1pYTMyLy0vc2hhcnAtd2luMzItaWEzMi0wLjMzLjUudGd6aHR0cHM6Ly9yZWdpc3RyeS5ucG1qcy5vcmcvQGltZy9zaGFycC1kYXJ3aW4teDY0Ly0vc2hhcnAtZGFyd2luLXg2NC0wLjMzLjUudGd6aHR0cHM6Ly9yZWdpc3RyeS5ucG1qcy5vcmcvQGltZy9zaGFycC13aW4zMi14NjQvLS9zaGFycC13aW4zMi14NjQtMC4zMy41LnRnemh0dHBzOi8vcmVnaXN0cnkubnBtanMub3JnL0BpbWcvc2hhcnAtbGludXgteDY0Ly0vc2hhcnAtbGludXgteDY0LTAuMzMuNS50Z3podHRwczovL3JlZ2lzdHJ5Lm5wbWpzLm9yZy9AaW1nL3NoYXJwLWxpbnV4LWFybS8tL3NoYXJwLWxpbnV4LWFybS0wLjMzLjUudGd6aHR0cHM6Ly9yZWdpc3RyeS5ucG1qcy5vcmcvQGltZy9zaGFycC13YXNtMzIvLS9zaGFycC13YXNtMzItMC4zMy41LnRnekBlbW5hcGkvcnVudGltZWh0dHBzOi8vcmVnaXN0cnkubnBtanMub3JnL0BlbW5hcGkvcnVudGltZS8tL3J1bnRpbWUtMS4zLjEudGd6aHR0cHM6Ly9yZWdpc3RyeS5ucG1qcy5vcmcvdHNsaWIvLS90c2xpYi0yLjguMS50Z3podHRwczovL3JlZ2lzdHJ5Lm5wbWpzLm9yZy9kZXRlY3QtbGliYy8tL2RldGVjdC1saWJjLTIuMC4zLnRnemJpbi9zZW12ZXIuanNodHRwczovL3JlZ2lzdHJ5Lm5wbWpzLm9yZy9zZW12ZXIvLS9zZW12ZXItNy42LjMudGd6aHR0cHM6Ly9yZWdpc3RyeS5ucG1qcy5vcmcvY29sb3IvLS9jb2xvci00LjIuMy50Z3pjb2xvci1jb252ZXJ0Y29sb3Itc3RyaW5naHR0cHM6Ly9yZWdpc3RyeS5ucG1qcy5vcmcvY29sb3Itc3RyaW5nLy0vY29sb3Itc3RyaW5nLTEuOS4xLnRnemNvbG9yLW5hbWVzaW1wbGUtc3dpenpsZWh0dHBzOi8vcmVnaXN0cnkubnBtanMub3JnL3NpbXBsZS1zd2l6emxlLy0vc2ltcGxlLXN3aXp6bGUtMC4yLjIudGd6aXMtYXJyYXlpc2hodHRwczovL3JlZ2lzdHJ5Lm5wbWpzLm9yZy9pcy1hcnJheWlzaC8tL2lzLWFycmF5aXNoLTAuMy4yLnRnemh0dHBzOi8vcmVnaXN0cnkubnBtanMub3JnL2NvbG9yLW5hbWUvLS9jb2xvci1uYW1lLTEuMS40LnRnemh0dHBzOi8vcmVnaXN0cnkubnBtanMub3JnL2NvbG9yLWNvbnZlcnQvLS9jb2xvci1jb252ZXJ0LTIuMC4xLnRnegAAAAAAAAAAAAAAAAAAAAAAAAAAAAAAAAAAAAAAAAAAAAAAAAAAAAAAAAAAAAAAAAAAAAAAAAAAAAAAAAAAAAAAAAAAAAAAAAAAAAAAAAAAAAAAAAAAAAAAAAAAAAAAAAAAAAAAAAAAAAAAAAAAAAAAAAAAAAAAAAAAAAAAAAAAAAAAAAAAAAAAAAAAAAAAAAAAAAAAAAAA